# This file is autogenerated, do not edit; changes may be undone by the next 'dep ensure'.


[[projects]]
  branch = "master"
  digest = "1:386e5a632be2aa525a327e13694bd22bde42fe6fe925c3bfef89b59c6e10b08f"
  name = "github.com/AndreasBriese/bbloom"
  packages = ["."]
  pruneopts = "NUT"
  revision = "28f7e881ca57bc00e028f9ede9f0d9104cfeef5e"

[[projects]]
  digest = "1:869f3310421ff52dcddadda7541375eadc628be29aa6018e001cdd59dcb868da"
  name = "github.com/RoaringBitmap/roaring"
  packages = ["."]
  pruneopts = "NUT"
  revision = "3d677d3262197ee558b85029301eb69b8239f91a"
  version = "v0.4.16"

[[projects]]
  branch = "master"
  digest = "1:93367b6d47a8ccc7d14f9f493ccf103ccf5afb698559ff8e8f1999427ce27ace"
  name = "github.com/Smerity/govarint"
  packages = ["."]
  pruneopts = "NUT"
  revision = "7265e41f48f15fd61751e16da866af3c704bb3ab"

[[projects]]
  digest = "1:7c1213a44a31d8be50cf67f4b4889506e36cd98ed00f86f99a072e315929e101"
  name = "github.com/blevesearch/bleve"
  packages = [
    ".",
    "analysis",
    "analysis/analyzer/standard",
    "analysis/datetime/flexible",
    "analysis/datetime/optional",
    "analysis/lang/en",
    "analysis/token/lowercase",
    "analysis/token/porter",
    "analysis/token/stop",
    "analysis/tokenizer/unicode",
    "document",
    "geo",
    "index",
    "index/scorch",
    "index/scorch/mergeplan",
    "index/scorch/segment",
    "index/scorch/segment/mem",
    "index/scorch/segment/zap",
    "index/store",
    "index/store/boltdb",
    "index/store/gtreap",
    "index/upsidedown",
    "mapping",
    "numeric",
    "registry",
    "search",
    "search/collector",
    "search/facet",
    "search/highlight",
    "search/highlight/format/html",
    "search/highlight/fragmenter/simple",
    "search/highlight/highlighter/html",
    "search/highlight/highlighter/simple",
    "search/query",
    "search/scorer",
    "search/searcher",
  ]
  pruneopts = "NUT"
  revision = "1a319cdf5bf77dc8cee35a6b99f908792c2547ef"
  version = "v0.7.0"

[[projects]]
  digest = "1:6516582cf3f767bba55bb8735951c778cc585be3681ab19415b8a831f24742af"
  name = "github.com/blevesearch/go-porterstemmer"
  packages = ["."]
  pruneopts = "NUT"
  revision = "b4dd94e38f29620fe0f97ae4b0f6994b0d5d75f0"
  version = "v1.0.1"

[[projects]]
  branch = "master"
  digest = "1:a64956a7766e0d081ebff30d8528db107118485d2ee89cab751e6506f5ab55ea"
  name = "github.com/blevesearch/segment"
  packages = ["."]
  pruneopts = "NUT"
  revision = "762005e7a34fd909a84586299f1dd457371d36ee"

[[projects]]
  digest = "1:a12d94258c5298ead75e142e8001224bf029f302fed9e96cd39c0eaf90f3954d"
  name = "github.com/boltdb/bolt"
  packages = ["."]
  pruneopts = "NUT"
  revision = "2f1ce7a837dcb8da3ec595b1dac9d0632f0f99e8"
  version = "v1.3.1"

[[projects]]
  branch = "master"
  digest = "1:cfe0f14f8c59b0747c7d5ecae42f0c6c34f50e7de13c0b6f78ee90a720fd1f6c"
  name = "github.com/couchbase/vellum"
  packages = [
    ".",
    "regexp",
    "utf8",
  ]
  pruneopts = "NUT"
  revision = "01d5c56e609533acd717717c8acc0d2dea6bfb89"

[[projects]]
  digest = "1:b469c99e79d3bd598042e07f31fa79cf7bd62fb12cd1f4fb7aeecf1a5f7ce976"
  name = "github.com/dgraph-io/badger"
  packages = [
    ".",
    "options",
    "protos",
    "skl",
    "table",
    "y",
  ]
  pruneopts = "NUT"
  revision = "391b6d3b93e6014fe8c2971fcc0c1266e47dbbd9"
  version = "v1.5.3"

[[projects]]
  branch = "master"
  digest = "1:3bde5c0379e801eefa31b42f0898745c298a25473ab62da93ac94d5da7e4196c"
  name = "github.com/dgryski/go-farm"
  packages = ["."]
  pruneopts = "NUT"
  revision = "2de33835d10275975374b37b2dcfd22c9020a1f5"

[[projects]]
  branch = "master"
  digest = "1:7e2a28602fd65774c79a780a9c32a7a82d180e5a93bb5a36a6beb8619e24a35b"
  name = "github.com/edsrzf/mmap-go"
  packages = ["."]
  pruneopts = "NUT"
  revision = "0bce6a6887123b67a60366d2c9fe2dfb74289d2e"

[[projects]]
  branch = "master"
  digest = "1:ccee1c7954f7296e324a0832b7a4a0a38ea7e51145375fd837283652366c3653"
  name = "github.com/glycerine/go-unsnap-stream"
  packages = ["."]
  pruneopts = "NUT"
  revision = "9f0cb55181dd3a0a4c168d3dbc72d4aca4853126"

[[projects]]
  digest = "1:c967237d234df97d560a82b9e3166234b88fb947676af4e3c897a7d613a287a6"
  name = "github.com/gofrs/uuid"
  packages = ["."]
  pruneopts = "NUT"
  revision = "7077aa61129615a0d7f45c49101cd011ab221c27"
  version = "v3.1.2"

[[projects]]
  digest = "1:97df918963298c287643883209a2c3f642e6593379f97ab400c2a2e219ab647d"
  name = "github.com/golang/protobuf"
  packages = ["proto"]
  pruneopts = "NUT"
  revision = "aa810b61a9c79d51363740d207bb46cf8e620ed5"
  version = "v1.2.0"

[[projects]]
  branch = "master"
  digest = "1:7f114b78210bf5b75f307fc97cff293633c835bab1e0ea8a744a44b39c042dfe"
  name = "github.com/golang/snappy"
  packages = ["."]
  pruneopts = "NUT"
  revision = "2e65f85255dbc3072edf28d6b5b8efc472979f5a"

[[projects]]
  branch = "master"
  digest = "1:874d20d479aa479b2ed0200ac565e809d8ff849f672a04e7a21536069eba1cdd"
  name = "github.com/mschoch/smat"
  packages = ["."]
  pruneopts = "NUT"
  revision = "90eadee771aeab36e8bf796039b8c261bebebe4f"

[[projects]]
  branch = "master"
  digest = "1:ff21fa805e7cf9fbb353da040b6d8febbf605cfb8351838861512a803f4530dd"
  name = "github.com/ntrrg/ntgo"
  packages = [
    "net/http",
    "net/http/middleware",
  ]
  pruneopts = "NUT"
  revision = "416b1e7969a0213bf13162897f18446690ebf931"

[[projects]]
  digest = "1:44c66ad69563dbe3f8e76d7d6cad21a03626e53f1875b5ab163ded419e01ca7a"
  name = "github.com/philhofer/fwd"
  packages = ["."]
  pruneopts = "NUT"
  revision = "bb6d471dc95d4fe11e432687f8b70ff496cf3136"
  version = "v1.0.0"

[[projects]]
  digest = "1:5cf3f025cbee5951a4ee961de067c8a89fc95a5adabead774f82822efabab121"
  name = "github.com/pkg/errors"
  packages = ["."]
  pruneopts = "NUT"
  revision = "645ef00459ed84a119197bfb8d8205042c6df63d"
  version = "v0.8.0"

[[projects]]
  branch = "master"
  digest = "1:69177343ca227319b4580441a67d9d889e9ac7fcbfb89fbaa36d3283e6ab0139"
  name = "github.com/steveyen/gtreap"
  packages = ["."]
  pruneopts = "NUT"
  revision = "0abe01ef9be25c4aedc174758ec2d917314d6d70"

[[projects]]
  digest = "1:eaa6698f44de8f2977e93c9b946e60a8af75f565058658aad2df8032b55c84e5"
  name = "github.com/tinylib/msgp"
  packages = ["msgp"]
  pruneopts = "NUT"
  revision = "b2b6a672cf1e5b90748f79b8b81fc8c5cf0571a1"
  version = "1.0.2"

[[projects]]
  digest = "1:3f3f2b36f76d1187ccf6640dd5bdbce43fd3c1a2cc0d747abc1e0de374d13e63"
  name = "github.com/willf/bitset"
  packages = ["."]
  pruneopts = "NUT"
  revision = "e553b05586428962bf7058d1044519d87ca72d74"
  version = "v1.1.9"

[[projects]]
  digest = "1:1ecf2a49df33be51e757d0033d5d51d5f784f35f68e5a38f797b2d3f03357d71"
  name = "golang.org/x/crypto"
  packages = [
    "bcrypt",
    "blowfish",
  ]
  pruneopts = "NUT"
  revision = "e3636079e1a4c1f337f212cc5cd2aca108f6c900"

[[projects]]
  branch = "master"
  digest = "1:a7b3aa11890fbe342ed4bf76a27986473d13103ae14796dcf2b55521c93e2547"
  name = "golang.org/x/net"
  packages = [
    "context",
    "internal/timeseries",
    "trace",
  ]
  pruneopts = "NUT"
  revision = "26e67e76b6c3f6ce91f7c52def5af501b4e0f3a2"

[[projects]]
  branch = "master"
  digest = "1:5c2d57086d29bf60bf5fc8a1e6550650034f8b26177dced9b16d1f673311ab40"
  name = "golang.org/x/sys"
  packages = ["unix"]
  pruneopts = "NUT"
  revision = "d0be0721c37eeb5299f245a996a483160fc36940"

[solve-meta]
  analyzer-name = "dep"
  analyzer-version = 1
  input-imports = [
    "github.com/blevesearch/bleve",
    "github.com/dgraph-io/badger",
    "github.com/gofrs/uuid",
    "github.com/ntrrg/ntgo/net/http",
    "github.com/ntrrg/ntgo/net/http/middleware",
    "golang.org/x/crypto/bcrypt",
  ]
  solver-name = "gps-cdcl"
  solver-version = 1
